
Microsoft Visual Studio Solution File, Format Version 12.00
# Visual Studio Version 17
VisualStudioVersion = 17.8.34511.84
MinimumVisualStudioVersion = 10.0.40219.1
Project("{9A19103F-16F7-4668-BE54-9A1E7A4F7556}") = "Photo Tools", "Photo Tools\Photo Tools.csproj", "{0BAF2EB8-800F-475B-A60C-B86732F865A8}"
EndProject
Project("{9A19103F-16F7-4668-BE54-9A1E7A4F7556}") = "PhotoTools Tests", "PhotoTools Tests\PhotoTools Tests.csproj", "{BD4F6A45-1D0C-44E9-B672-1D7508C6EB75}"
EndProject
Project("{9A19103F-16F7-4668-BE54-9A1E7A4F7556}") = "ManualTests", "ManualTests\ManualTests.csproj", "{871E03C0-9438-45E3-9CDE-99C6C95B73B6}"
EndProject
Project("{2150E333-8FDC-42A3-9474-1A3956D46DE8}") = "Solution Items", "Solution Items", "{E13CB072-DD6B-422C-B5F1-2C23952387A7}"
EndProject
Global
	GlobalSection(SolutionConfigurationPlatforms) = preSolution
		Debug|Any CPU = Debug|Any CPU
		Release|Any CPU = Release|Any CPU
	EndGlobalSection
	GlobalSection(ProjectConfigurationPlatforms) = postSolution
		{0BAF2EB8-800F-475B-A60C-B86732F865A8}.Debug|Any CPU.ActiveCfg = Debug|Any CPU
		{0BAF2EB8-800F-475B-A60C-B86732F865A8}.Debug|Any CPU.Build.0 = Debug|Any CPU
		{0BAF2EB8-800F-475B-A60C-B86732F865A8}.Release|Any CPU.ActiveCfg = Release|Any CPU
		{0BAF2EB8-800F-475B-A60C-B86732F865A8}.Release|Any CPU.Build.0 = Release|Any CPU
		{BD4F6A45-1D0C-44E9-B672-1D7508C6EB75}.Debug|Any CPU.ActiveCfg = Debug|Any CPU
		{BD4F6A45-1D0C-44E9-B672-1D7508C6EB75}.Debug|Any CPU.Build.0 = Debug|Any CPU
		{BD4F6A45-1D0C-44E9-B672-1D7508C6EB75}.Release|Any CPU.ActiveCfg = Release|Any CPU
		{BD4F6A45-1D0C-44E9-B672-1D7508C6EB75}.Release|Any CPU.Build.0 = Release|Any CPU
		{871E03C0-9438-45E3-9CDE-99C6C95B73B6}.Debug|Any CPU.ActiveCfg = Debug|Any CPU
		{871E03C0-9438-45E3-9CDE-99C6C95B73B6}.Debug|Any CPU.Build.0 = Debug|Any CPU
		{871E03C0-9438-45E3-9CDE-99C6C95B73B6}.Release|Any CPU.ActiveCfg = Release|Any CPU
		{871E03C0-9438-45E3-9CDE-99C6C95B73B6}.Release|Any CPU.Build.0 = Release|Any CPU
	EndGlobalSection
	GlobalSection(SolutionProperties) = preSolution
		HideSolutionNode = FALSE
	EndGlobalSection
	GlobalSection(ExtensibilityGlobals) = postSolution
		SolutionGuid = {93A144CA-3FC6-49CB-AC16-5A1C25F69D56}
	EndGlobalSection
EndGlobal
